
Microsoft Visual Studio Solution File, Format Version 12.00
# Visual Studio Version 17
VisualStudioVersion = 17.0.31903.59
MinimumVisualStudioVersion = 10.0.40219.1
Project("{2150E333-8FDC-42A3-9474-1A3956D46DE8}") = "src", "src", "{827E0CD3-B72D-47B6-A68D-7590B98EB39B}"
EndProject
Project("{FAE04EC0-301F-11D3-BF4B-00C04F79EFBC}") = "OpenRAG.Domain", "src\OpenRAG.Domain\OpenRAG.Domain.csproj", "{536F6227-1847-471F-BEEB-D7323CAD1430}"
EndProject
Project("{FAE04EC0-301F-11D3-BF4B-00C04F79EFBC}") = "OpenRAG.Application", "src\OpenRAG.Application\OpenRAG.Application.csproj", "{329BD68C-B0B2-44DA-9A22-73C9F0549961}"
EndProject
Project("{FAE04EC0-301F-11D3-BF4B-00C04F79EFBC}") = "OpenRAG.Infrastructure", "src\OpenRAG.Infrastructure\OpenRAG.Infrastructure.csproj", "{CBD2CE59-2B07-4313-B9AC-25953565EF4E}"
EndProject
Project("{FAE04EC0-301F-11D3-BF4B-00C04F79EFBC}") = "OpenRAG.Api", "src\OpenRAG.Api\OpenRAG.Api.csproj", "{3EB54633-A495-470C-80F2-450BE9445F38}"
EndProject
Project("{FAE04EC0-301F-11D3-BF4B-00C04F79EFBC}") = "OpenRAG.Worker", "src\OpenRAG.Worker\OpenRAG.Worker.csproj", "{21CEB648-C309-4ED5-B917-B571D47DAD8C}"
EndProject
Project("{FAE04EC0-301F-11D3-BF4B-00C04F79EFBC}") = "OpenRAG.AppHost", "src\OpenRAG.AppHost\OpenRAG.AppHost.csproj", "{00305F21-68D8-4B1F-BEC3-23FC9197A4CE}"
EndProject
Project("{FAE04EC0-301F-11D3-BF4B-00C04F79EFBC}") = "OpenRAG.ServiceDefaults", "src\OpenRAG.ServiceDefaults\OpenRAG.ServiceDefaults.csproj", "{D35EC6F6-ACA3-4BF9-9ACD-2913288F77D4}"
EndProject
Project("{2150E333-8FDC-42A3-9474-1A3956D46DE8}") = "tests", "tests", "{0AB3BF05-4346-4AA6-1389-037BE0695223}"
EndProject
Project("{FAE04EC0-301F-11D3-BF4B-00C04F79EFBC}") = "OpenRAG.UnitTests", "tests\OpenRAG.UnitTests\OpenRAG.UnitTests.csproj", "{6FC42874-8546-4115-A392-B5407DA099F4}"
EndProject
Project("{FAE04EC0-301F-11D3-BF4B-00C04F79EFBC}") = "OpenRAG.IntegrationTests", "tests\OpenRAG.IntegrationTests\OpenRAG.IntegrationTests.csproj", "{3A6DF1A8-F3F8-4BD5-9845-A79C95B9055E}"
EndProject
Project("{FAE04EC0-301F-11D3-BF4B-00C04F79EFBC}") = "OpenRAG.ArchitectureTests", "tests\OpenRAG.ArchitectureTests\OpenRAG.ArchitectureTests.csproj", "{0FC9EA76-1C76-437D-BB92-0C0AA75C3C44}"
EndProject
Global
	GlobalSection(SolutionConfigurationPlatforms) = preSolution
		Debug|Any CPU = Debug|Any CPU
		Debug|x64 = Debug|x64
		Debug|x86 = Debug|x86
		Release|Any CPU = Release|Any CPU
		Release|x64 = Release|x64
		Release|x86 = Release|x86
	EndGlobalSection
	GlobalSection(ProjectConfigurationPlatforms) = postSolution
		{536F6227-1847-471F-BEEB-D7323CAD1430}.Debug|Any CPU.ActiveCfg = Debug|Any CPU
		{536F6227-1847-471F-BEEB-D7323CAD1430}.Debug|Any CPU.Build.0 = Debug|Any CPU
		{536F6227-1847-471F-BEEB-D7323CAD1430}.Debug|x64.ActiveCfg = Debug|Any CPU
		{536F6227-1847-471F-BEEB-D7323CAD1430}.Debug|x64.Build.0 = Debug|Any CPU
		{536F6227-1847-471F-BEEB-D7323CAD1430}.Debug|x86.ActiveCfg = Debug|Any CPU
		{536F6227-1847-471F-BEEB-D7323CAD1430}.Debug|x86.Build.0 = Debug|Any CPU
		{536F6227-1847-471F-BEEB-D7323CAD1430}.Release|Any CPU.ActiveCfg = Release|Any CPU
		{536F6227-1847-471F-BEEB-D7323CAD1430}.Release|Any CPU.Build.0 = Release|Any CPU
		{536F6227-1847-471F-BEEB-D7323CAD1430}.Release|x64.ActiveCfg = Release|Any CPU
		{536F6227-1847-471F-BEEB-D7323CAD1430}.Release|x64.Build.0 = Release|Any CPU
		{536F6227-1847-471F-BEEB-D7323CAD1430}.Release|x86.ActiveCfg = Release|Any CPU
		{536F6227-1847-471F-BEEB-D7323CAD1430}.Release|x86.Build.0 = Release|Any CPU
		{329BD68C-B0B2-44DA-9A22-73C9F0549961}.Debug|Any CPU.ActiveCfg = Debug|Any CPU
		{329BD68C-B0B2-44DA-9A22-73C9F0549961}.Debug|Any CPU.Build.0 = Debug|Any CPU
		{329BD68C-B0B2-44DA-9A22-73C9F0549961}.Debug|x64.ActiveCfg = Debug|Any CPU
		{329BD68C-B0B2-44DA-9A22-73C9F0549961}.Debug|x64.Build.0 = Debug|Any CPU
		{329BD68C-B0B2-44DA-9A22-73C9F0549961}.Debug|x86.ActiveCfg = Debug|Any CPU
		{329BD68C-B0B2-44DA-9A22-73C9F0549961}.Debug|x86.Build.0 = Debug|Any CPU
		{329BD68C-B0B2-44DA-9A22-73C9F0549961}.Release|Any CPU.ActiveCfg = Release|Any CPU
		{329BD68C-B0B2-44DA-9A22-73C9F0549961}.Release|Any CPU.Build.0 = Release|Any CPU
		{329BD68C-B0B2-44DA-9A22-73C9F0549961}.Release|x64.ActiveCfg = Release|Any CPU
		{329BD68C-B0B2-44DA-9A22-73C9F0549961}.Release|x64.Build.0 = Release|Any CPU
		{329BD68C-B0B2-44DA-9A22-73C9F0549961}.Release|x86.ActiveCfg = Release|Any CPU
		{329BD68C-B0B2-44DA-9A22-73C9F0549961}.Release|x86.Build.0 = Release|Any CPU
		{CBD2CE59-2B07-4313-B9AC-25953565EF4E}.Debug|Any CPU.ActiveCfg = Debug|Any CPU
		{CBD2CE59-2B07-4313-B9AC-25953565EF4E}.Debug|Any CPU.Build.0 = Debug|Any CPU
		{CBD2CE59-2B07-4313-B9AC-25953565EF4E}.Debug|x64.ActiveCfg = Debug|Any CPU
		{CBD2CE59-2B07-4313-B9AC-25953565EF4E}.Debug|x64.Build.0 = Debug|Any CPU
		{CBD2CE59-2B07-4313-B9AC-25953565EF4E}.Debug|x86.ActiveCfg = Debug|Any CPU
		{CBD2CE59-2B07-4313-B9AC-25953565EF4E}.Debug|x86.Build.0 = Debug|Any CPU
		{CBD2CE59-2B07-4313-B9AC-25953565EF4E}.Release|Any CPU.ActiveCfg = Release|Any CPU
		{CBD2CE59-2B07-4313-B9AC-25953565EF4E}.Release|Any CPU.Build.0 = Release|Any CPU
		{CBD2CE59-2B07-4313-B9AC-25953565EF4E}.Release|x64.ActiveCfg = Release|Any CPU
		{CBD2CE59-2B07-4313-B9AC-25953565EF4E}.Release|x64.Build.0 = Release|Any CPU
		{CBD2CE59-2B07-4313-B9AC-25953565EF4E}.Release|x86.ActiveCfg = Release|Any CPU
		{CBD2CE59-2B07-4313-B9AC-25953565EF4E}.Release|x86.Build.0 = Release|Any CPU
		{3EB54633-A495-470C-80F2-450BE9445F38}.Debug|Any CPU.ActiveCfg = Debug|Any CPU
		{3EB54633-A495-470C-80F2-450BE9445F38}.Debug|Any CPU.Build.0 = Debug|Any CPU
		{3EB54633-A495-470C-80F2-450BE9445F38}.Debug|x64.ActiveCfg = Debug|Any CPU
		{3EB54633-A495-470C-80F2-450BE9445F38}.Debug|x64.Build.0 = Debug|Any CPU
		{3EB54633-A495-470C-80F2-450BE9445F38}.Debug|x86.ActiveCfg = Debug|Any CPU
		{3EB54633-A495-470C-80F2-450BE9445F38}.Debug|x86.Build.0 = Debug|Any CPU
		{3EB54633-A495-470C-80F2-450BE9445F38}.Release|Any CPU.ActiveCfg = Release|Any CPU
		{3EB54633-A495-470C-80F2-450BE9445F38}.Release|Any CPU.Build.0 = Release|Any CPU
		{3EB54633-A495-470C-80F2-450BE9445F38}.Release|x64.ActiveCfg = Release|Any CPU
		{3EB54633-A495-470C-80F2-450BE9445F38}.Release|x64.Build.0 = Release|Any CPU
		{3EB54633-A495-470C-80F2-450BE9445F38}.Release|x86.ActiveCfg = Release|Any CPU
		{3EB54633-A495-470C-80F2-450BE9445F38}.Release|x86.Build.0 = Release|Any CPU
		{21CEB648-C309-4ED5-B917-B571D47DAD8C}.Debug|Any CPU.ActiveCfg = Debug|Any CPU
		{21CEB648-C309-4ED5-B917-B571D47DAD8C}.Debug|Any CPU.Build.0 = Debug|Any CPU
		{21CEB648-C309-4ED5-B917-B571D47DAD8C}.Debug|x64.ActiveCfg = Debug|Any CPU
		{21CEB648-C309-4ED5-B917-B571D47DAD8C}.Debug|x64.Build.0 = Debug|Any CPU
		{21CEB648-C309-4ED5-B917-B571D47DAD8C}.Debug|x86.ActiveCfg = Debug|Any CPU
		{21CEB648-C309-4ED5-B917-B571D47DAD8C}.Debug|x86.Build.0 = Debug|Any CPU
		{21CEB648-C309-4ED5-B917-B571D47DAD8C}.Release|Any CPU.ActiveCfg = Release|Any CPU
		{21CEB648-C309-4ED5-B917-B571D47DAD8C}.Release|Any CPU.Build.0 = Release|Any CPU
		{21CEB648-C309-4ED5-B917-B571D47DAD8C}.Release|x64.ActiveCfg = Release|Any CPU
		{21CEB648-C309-4ED5-B917-B571D47DAD8C}.Release|x64.Build.0 = Release|Any CPU
		{21CEB648-C309-4ED5-B917-B571D47DAD8C}.Release|x86.ActiveCfg = Release|Any CPU
		{21CEB648-C309-4ED5-B917-B571D47DAD8C}.Release|x86.Build.0 = Release|Any CPU
		{00305F21-68D8-4B1F-BEC3-23FC9197A4CE}.Debug|Any CPU.ActiveCfg = Debug|Any CPU
		{00305F21-68D8-4B1F-BEC3-23FC9197A4CE}.Debug|Any CPU.Build.0 = Debug|Any CPU
		{00305F21-68D8-4B1F-BEC3-23FC9197A4CE}.Debug|x64.ActiveCfg = Debug|Any CPU
		{00305F21-68D8-4B1F-BEC3-23FC9197A4CE}.Debug|x64.Build.0 = Debug|Any CPU
		{00305F21-68D8-4B1F-BEC3-23FC9197A4CE}.Debug|x86.ActiveCfg = Debug|Any CPU
		{00305F21-68D8-4B1F-BEC3-23FC9197A4CE}.Debug|x86.Build.0 = Debug|Any CPU
		{00305F21-68D8-4B1F-BEC3-23FC9197A4CE}.Release|Any CPU.ActiveCfg = Release|Any CPU
		{00305F21-68D8-4B1F-BEC3-23FC9197A4CE}.Release|Any CPU.Build.0 = Release|Any CPU
		{00305F21-68D8-4B1F-BEC3-23FC9197A4CE}.Release|x64.ActiveCfg = Release|Any CPU
		{00305F21-68D8-4B1F-BEC3-23FC9197A4CE}.Release|x64.Build.0 = Release|Any CPU
		{00305F21-68D8-4B1F-BEC3-23FC9197A4CE}.Release|x86.ActiveCfg = Release|Any CPU
		{00305F21-68D8-4B1F-BEC3-23FC9197A4CE}.Release|x86.Build.0 = Release|Any CPU
		{D35EC6F6-ACA3-4BF9-9ACD-2913288F77D4}.Debug|Any CPU.ActiveCfg = Debug|Any CPU
		{D35EC6F6-ACA3-4BF9-9ACD-2913288F77D4}.Debug|Any CPU.Build.0 = Debug|Any CPU
		{D35EC6F6-ACA3-4BF9-9ACD-2913288F77D4}.Debug|x64.ActiveCfg = Debug|Any CPU
		{D35EC6F6-ACA3-4BF9-9ACD-2913288F77D4}.Debug|x64.Build.0 = Debug|Any CPU
		{D35EC6F6-ACA3-4BF9-9ACD-2913288F77D4}.Debug|x86.ActiveCfg = Debug|Any CPU
		{D35EC6F6-ACA3-4BF9-9ACD-2913288F77D4}.Debug|x86.Build.0 = Debug|Any CPU
		{D35EC6F6-ACA3-4BF9-9ACD-2913288F77D4}.Release|Any CPU.ActiveCfg = Release|Any CPU
		{D35EC6F6-ACA3-4BF9-9ACD-2913288F77D4}.Release|Any CPU.Build.0 = Release|Any CPU
		{D35EC6F6-ACA3-4BF9-9ACD-2913288F77D4}.Release|x64.ActiveCfg = Release|Any CPU
		{D35EC6F6-ACA3-4BF9-9ACD-2913288F77D4}.Release|x64.Build.0 = Release|Any CPU
		{D35EC6F6-ACA3-4BF9-9ACD-2913288F77D4}.Release|x86.ActiveCfg = Release|Any CPU
		{D35EC6F6-ACA3-4BF9-9ACD-2913288F77D4}.Release|x86.Build.0 = Release|Any CPU
		{6FC42874-8546-4115-A392-B5407DA099F4}.Debug|Any CPU.ActiveCfg = Debug|Any CPU
		{6FC42874-8546-4115-A392-B5407DA099F4}.Debug|Any CPU.Build.0 = Debug|Any CPU
		{6FC42874-8546-4115-A392-B5407DA099F4}.Debug|x64.ActiveCfg = Debug|Any CPU
		{6FC42874-8546-4115-A392-B5407DA099F4}.Debug|x64.Build.0 = Debug|Any CPU
		{6FC42874-8546-4115-A392-B5407DA099F4}.Debug|x86.ActiveCfg = Debug|Any CPU
		{6FC42874-8546-4115-A392-B5407DA099F4}.Debug|x86.Build.0 = Debug|Any CPU
		{6FC42874-8546-4115-A392-B5407DA099F4}.Release|Any CPU.ActiveCfg = Release|Any CPU
		{6FC42874-8546-4115-A392-B5407DA099F4}.Release|Any CPU.Build.0 = Release|Any CPU
		{6FC42874-8546-4115-A392-B5407DA099F4}.Release|x64.ActiveCfg = Release|Any CPU
		{6FC42874-8546-4115-A392-B5407DA099F4}.Release|x64.Build.0 = Release|Any CPU
		{6FC42874-8546-4115-A392-B5407DA099F4}.Release|x86.ActiveCfg = Release|Any CPU
		{6FC42874-8546-4115-A392-B5407DA099F4}.Release|x86.Build.0 = Release|Any CPU
		{3A6DF1A8-F3F8-4BD5-9845-A79C95B9055E}.Debug|Any CPU.ActiveCfg = Debug|Any CPU
		{3A6DF1A8-F3F8-4BD5-9845-A79C95B9055E}.Debug|Any CPU.Build.0 = Debug|Any CPU
		{3A6DF1A8-F3F8-4BD5-9845-A79C95B9055E}.Debug|x64.ActiveCfg = Debug|Any CPU
		{3A6DF1A8-F3F8-4BD5-9845-A79C95B9055E}.Debug|x64.Build.0 = Debug|Any CPU
		{3A6DF1A8-F3F8-4BD5-9845-A79C95B9055E}.Debug|x86.ActiveCfg = Debug|Any CPU
		{3A6DF1A8-F3F8-4BD5-9845-A79C95B9055E}.Debug|x86.Build.0 = Debug|Any CPU
		{3A6DF1A8-F3F8-4BD5-9845-A79C95B9055E}.Release|Any CPU.ActiveCfg = Release|Any CPU
		{3A6DF1A8-F3F8-4BD5-9845-A79C95B9055E}.Release|Any CPU.Build.0 = Release|Any CPU
		{3A6DF1A8-F3F8-4BD5-9845-A79C95B9055E}.Release|x64.ActiveCfg = Release|Any CPU
		{3A6DF1A8-F3F8-4BD5-9845-A79C95B9055E}.Release|x64.Build.0 = Release|Any CPU
		{3A6DF1A8-F3F8-4BD5-9845-A79C95B9055E}.Release|x86.ActiveCfg = Release|Any CPU
		{3A6DF1A8-F3F8-4BD5-9845-A79C95B9055E}.Release|x86.Build.0 = Release|Any CPU
		{0FC9EA76-1C76-437D-BB92-0C0AA75C3C44}.Debug|Any CPU.ActiveCfg = Debug|Any CPU
		{0FC9EA76-1C76-437D-BB92-0C0AA75C3C44}.Debug|Any CPU.Build.0 = Debug|Any CPU
		{0FC9EA76-1C76-437D-BB92-0C0AA75C3C44}.Debug|x64.ActiveCfg = Debug|Any CPU
		{0FC9EA76-1C76-437D-BB92-0C0AA75C3C44}.Debug|x64.Build.0 = Debug|Any CPU
		{0FC9EA76-1C76-437D-BB92-0C0AA75C3C44}.Debug|x86.ActiveCfg = Debug|Any CPU
		{0FC9EA76-1C76-437D-BB92-0C0AA75C3C44}.Debug|x86.Build.0 = Debug|Any CPU
		{0FC9EA76-1C76-437D-BB92-0C0AA75C3C44}.Release|Any CPU.ActiveCfg = Release|Any CPU
		{0FC9EA76-1C76-437D-BB92-0C0AA75C3C44}.Release|Any CPU.Build.0 = Release|Any CPU
		{0FC9EA76-1C76-437D-BB92-0C0AA75C3C44}.Release|x64.ActiveCfg = Release|Any CPU
		{0FC9EA76-1C76-437D-BB92-0C0AA75C3C44}.Release|x64.Build.0 = Release|Any CPU
		{0FC9EA76-1C76-437D-BB92-0C0AA75C3C44}.Release|x86.ActiveCfg = Release|Any CPU
		{0FC9EA76-1C76-437D-BB92-0C0AA75C3C44}.Release|x86.Build.0 = Release|Any CPU
	EndGlobalSection
	GlobalSection(SolutionProperties) = preSolution
		HideSolutionNode = FALSE
	EndGlobalSection
	GlobalSection(NestedProjects) = preSolution
		{536F6227-1847-471F-BEEB-D7323CAD1430} = {827E0CD3-B72D-47B6-A68D-7590B98EB39B}
		{329BD68C-B0B2-44DA-9A22-73C9F0549961} = {827E0CD3-B72D-47B6-A68D-7590B98EB39B}
		{CBD2CE59-2B07-4313-B9AC-25953565EF4E} = {827E0CD3-B72D-47B6-A68D-7590B98EB39B}
		{3EB54633-A495-470C-80F2-450BE9445F38} = {827E0CD3-B72D-47B6-A68D-7590B98EB39B}
		{21CEB648-C309-4ED5-B917-B571D47DAD8C} = {827E0CD3-B72D-47B6-A68D-7590B98EB39B}
		{00305F21-68D8-4B1F-BEC3-23FC9197A4CE} = {827E0CD3-B72D-47B6-A68D-7590B98EB39B}
		{D35EC6F6-ACA3-4BF9-9ACD-2913288F77D4} = {827E0CD3-B72D-47B6-A68D-7590B98EB39B}
		{6FC42874-8546-4115-A392-B5407DA099F4} = {0AB3BF05-4346-4AA6-1389-037BE0695223}
		{3A6DF1A8-F3F8-4BD5-9845-A79C95B9055E} = {0AB3BF05-4346-4AA6-1389-037BE0695223}
		{0FC9EA76-1C76-437D-BB92-0C0AA75C3C44} = {0AB3BF05-4346-4AA6-1389-037BE0695223}
	EndGlobalSection
EndGlobal
